{
  "name": "emoji-stockbook",
  "version": "0.0.1",
  "lockfileVersion": 3,
  "requires": true,
  "packages": {
    "": {
      "name": "emoji-stockbook",
      "version": "0.0.1",
      "workspaces": [
        "packages/*"
      ]
    },
    "node_modules/@emoji-stockbook/core": {
      "resolved": "packages/core",
      "link": true
    },
    "node_modules/@emoji-stockbook/data": {
      "resolved": "packages/data",
      "link": true
    },
    "packages/core": {
      "name": "@emoji-stockbook/core",
      "version": "0.0.1"
    },
    "packages/data": {
      "version": "0.0.1",
      "license": "ISC",
      "devDependencies": {}
    }
  }
}
